
Microsoft Visual Studio Solution File, Format Version 12.00
# Visual Studio Version 16
VisualStudioVersion = 16.0.31112.23
MinimumVisualStudioVersion = 10.0.40219.1
Project("{8BC9CEB8-8B4A-11D0-8D11-00A0C91BC942}") = "cpp2", "cpp2\cpp2.vcxproj", "{A806A2F8-0294-4EDA-A6FB-E42989509D7C}"
EndProject
Global
	GlobalSection(SolutionConfigurationPlatforms) = preSolution
		Debug|x64 = Debug|x64
		Debug|x86 = Debug|x86
		Release|x64 = Release|x64
		Release|x86 = Release|x86
	EndGlobalSection
	GlobalSection(ProjectConfigurationPlatforms) = postSolution
		{A806A2F8-0294-4EDA-A6FB-E42989509D7C}.Debug|x64.ActiveCfg = Debug|x64
		{A806A2F8-0294-4EDA-A6FB-E42989509D7C}.Debug|x64.Build.0 = Debug|x64
		{A806A2F8-0294-4EDA-A6FB-E42989509D7C}.Debug|x86.ActiveCfg = Debug|Win32
		{A806A2F8-0294-4EDA-A6FB-E42989509D7C}.Debug|x86.Build.0 = Debug|Win32
		{A806A2F8-0294-4EDA-A6FB-E42989509D7C}.Release|x64.ActiveCfg = Release|x64
		{A806A2F8-0294-4EDA-A6FB-E42989509D7C}.Release|x64.Build.0 = Release|x64
		{A806A2F8-0294-4EDA-A6FB-E42989509D7C}.Release|x86.ActiveCfg = Release|Win32
		{A806A2F8-0294-4EDA-A6FB-E42989509D7C}.Release|x86.Build.0 = Release|Win32
	EndGlobalSection
	GlobalSection(SolutionProperties) = preSolution
		HideSolutionNode = FALSE
	EndGlobalSection
	GlobalSection(ExtensibilityGlobals) = postSolution
		SolutionGuid = {ABB84838-A3A2-4B82-8C04-3DE6E82D12E2}
	EndGlobalSection
EndGlobal
